
Microsoft Visual Studio Solution File, Format Version 12.00
# Visual Studio Version 16
VisualStudioVersion = 16.0.29920.165
MinimumVisualStudioVersion = 10.0.40219.1
Project("{FAE04EC0-301F-11D3-BF4B-00C04F79EFBC}") = "ServerlessFuncs", "ServerlessFuncs\ServerlessFuncs.csproj", "{B0D1235E-6D92-406A-879E-12847C350405}"
EndProject
Global
	GlobalSection(SolutionConfigurationPlatforms) = preSolution
		Debug|Any CPU = Debug|Any CPU
		Release|Any CPU = Release|Any CPU
	EndGlobalSection
	GlobalSection(ProjectConfigurationPlatforms) = postSolution
		{B0D1235E-6D92-406A-879E-12847C350405}.Debug|Any CPU.ActiveCfg = Debug|Any CPU
		{B0D1235E-6D92-406A-879E-12847C350405}.Debug|Any CPU.Build.0 = Debug|Any CPU
		{B0D1235E-6D92-406A-879E-12847C350405}.Release|Any CPU.ActiveCfg = Release|Any CPU
		{B0D1235E-6D92-406A-879E-12847C350405}.Release|Any CPU.Build.0 = Release|Any CPU
	EndGlobalSection
	GlobalSection(SolutionProperties) = preSolution
		HideSolutionNode = FALSE
	EndGlobalSection
	GlobalSection(ExtensibilityGlobals) = postSolution
		SolutionGuid = {C3543BB0-CF46-47BC-8F7C-6D6733220D80}
	EndGlobalSection
EndGlobal
